
Microsoft Visual Studio Solution File, Format Version 12.00
# Visual Studio Version 17
VisualStudioVersion = 17.11.35312.102
MinimumVisualStudioVersion = 10.0.40219.1
Project("{FAE04EC0-301F-11D3-BF4B-00C04F79EFBC}") = "ConsoleApp15", "ConsoleApp15\ConsoleApp15.csproj", "{BA245158-C0CB-4B48-8EF1-3B29CB73A376}"
EndProject
Project("{FAE04EC0-301F-11D3-BF4B-00C04F79EFBC}") = "ConsoleApp1", "ConsoleApp1\ConsoleApp1.csproj", "{F121F8D1-20AE-4601-9BA0-403A4CD09AE4}"
EndProject
Global
	GlobalSection(SolutionConfigurationPlatforms) = preSolution
		Debug|Any CPU = Debug|Any CPU
		Release|Any CPU = Release|Any CPU
	EndGlobalSection
	GlobalSection(ProjectConfigurationPlatforms) = postSolution
		{BA245158-C0CB-4B48-8EF1-3B29CB73A376}.Debug|Any CPU.ActiveCfg = Debug|Any CPU
		{BA245158-C0CB-4B48-8EF1-3B29CB73A376}.Debug|Any CPU.Build.0 = Debug|Any CPU
		{BA245158-C0CB-4B48-8EF1-3B29CB73A376}.Release|Any CPU.ActiveCfg = Release|Any CPU
		{BA245158-C0CB-4B48-8EF1-3B29CB73A376}.Release|Any CPU.Build.0 = Release|Any CPU
		{F121F8D1-20AE-4601-9BA0-403A4CD09AE4}.Debug|Any CPU.ActiveCfg = Debug|Any CPU
		{F121F8D1-20AE-4601-9BA0-403A4CD09AE4}.Debug|Any CPU.Build.0 = Debug|Any CPU
		{F121F8D1-20AE-4601-9BA0-403A4CD09AE4}.Release|Any CPU.ActiveCfg = Release|Any CPU
		{F121F8D1-20AE-4601-9BA0-403A4CD09AE4}.Release|Any CPU.Build.0 = Release|Any CPU
	EndGlobalSection
	GlobalSection(SolutionProperties) = preSolution
		HideSolutionNode = FALSE
	EndGlobalSection
	GlobalSection(ExtensibilityGlobals) = postSolution
		SolutionGuid = {4660E5A9-DF8C-43B7-A041-9A9C8A8136BF}
	EndGlobalSection
EndGlobal
